# This file is autogenerated, do not edit; changes may be undone by the next 'dep ensure'.


[[projects]]
  branch = "master"
  digest = "1:6cad017dd3abe6850cae37e2e99e45583329ad64811411b5e145d23aab54e256"
  name = "github.com/aayushrangwala/User-Microservice"
  packages = [
    "api/v1",
    "pkg/services/v1",
    "util",
  ]
  pruneopts = "UT"
  revision = "72d7dc655dab0b17ba1f008e86031266ec0bc6bb"

[[projects]]
  digest = "1:d5f97fc268267ec1b61c3453058c738246fc3e746f14b1ae25161513b7367b0c"
  name = "github.com/gorilla/mux"
  packages = ["."]
  pruneopts = "UT"
  revision = "c5c6c98bc25355028a63748a498942a6398ccd22"
  version = "v1.7.1"

[solve-meta]
  analyzer-name = "dep"
  analyzer-version = 1
  input-imports = [
    "github.com/aayushrangwala/User-Microservice/api/v1",
    "github.com/aayushrangwala/User-Microservice/pkg/services/v1",
    "github.com/aayushrangwala/User-Microservice/util",
    "github.com/gorilla/mux",
  ]
  solver-name = "gps-cdcl"
  solver-version = 1
